// !$*UTF8*$!
{
	archiveVersion = 1;
	classes = {
	};
	objectVersion = 46;
	objects = {

/* Begin PBXBuildFile section */
		965C31E41ECC0E680002A41F /* AppDelegate.swift in Sources */ = {isa = PBXBuildFile; fileRef = 965C31E31ECC0E680002A41F /* AppDelegate.swift */; };
		965C31E61ECC0E680002A41F /* ViewController.swift in Sources */ = {isa = PBXBuildFile; fileRef = 965C31E51ECC0E680002A41F /* ViewController.swift */; };
		965C31E91ECC0E680002A41F /* Main.storyboard in Resources */ = {isa = PBXBuildFile; fileRef = 965C31E71ECC0E680002A41F /* Main.storyboard */; };
		965C31EB1ECC0E680002A41F /* Assets.xcassets in Resources */ = {isa = PBXBuildFile; fileRef = 965C31EA1ECC0E680002A41F /* Assets.xcassets */; };
		965C31EE1ECC0E680002A41F /* LaunchScreen.storyboard in Resources */ = {isa = PBXBuildFile; fileRef = 965C31EC1ECC0E680002A41F /* LaunchScreen.storyboard */; };
		965C31F91ECC0E680002A41F /* Custom_TabbarTests.swift in Sources */ = {isa = PBXBuildFile; fileRef = 965C31F81ECC0E680002A41F /* Custom_TabbarTests.swift */; };
		965C32041ECC0E680002A41F /* Custom_TabbarUITests.swift in Sources */ = {isa = PBXBuildFile; fileRef = 965C32031ECC0E680002A41F /* Custom_TabbarUITests.swift */; };
		965C32121ECC11ED0002A41F /* TabBarViewController.swift in Sources */ = {isa = PBXBuildFile; fileRef = 965C32111ECC11ED0002A41F /* TabBarViewController.swift */; };
		965C32141ECC16D90002A41F /* CustomTabbarView.swift in Sources */ = {isa = PBXBuildFile; fileRef = 965C32131ECC16D90002A41F /* CustomTabbarView.swift */; };
/* End PBXBuildFile section */

/* Begin PBXContainerItemProxy section */
		965C31F51ECC0E680002A41F /* PBXContainerItemProxy */ = {
			isa = PBXContainerItemProxy;
			containerPortal = 965C31D81ECC0E680002A41F /* Project object */;
			proxyType = 1;
			remoteGlobalIDString = 965C31DF1ECC0E680002A41F;
			remoteInfo = "Custom Tabbar";
		};
		965C32001ECC0E680002A41F /* PBXContainerItemProxy */ = {
			isa = PBXContainerItemProxy;
			containerPortal = 965C31D81ECC0E680002A41F /* Project object */;
			proxyType = 1;
			remoteGlobalIDString = 965C31DF1ECC0E680002A41F;
			remoteInfo = "Custom Tabbar";
		};
/* End PBXContainerItemProxy section */

/* Begin PBXFileReference section */
		965C31E01ECC0E680002A41F /* Custom Tabbar.app */ = {isa = PBXFileReference; explicitFileType = wrapper.application; includeInIndex = 0; path = "Custom Tabbar.app"; sourceTree = BUILT_PRODUCTS_DIR; };
		965C31E31ECC0E680002A41F /* AppDelegate.swift */ = {isa = PBXFileReference; lastKnownFileType = sourcecode.swift; path = AppDelegate.swift; sourceTree = "<group>"; };
		965C31E51ECC0E680002A41F /* ViewController.swift */ = {isa = PBXFileReference; lastKnownFileType = sourcecode.swift; path = ViewController.swift; sourceTree = "<group>"; };
		965C31E81ECC0E680002A41F /* Base */ = {isa = PBXFileReference; lastKnownFileType = file.storyboard; name = Base; path = Base.lproj/Main.storyboard; sourceTree = "<group>"; };
		965C31EA1ECC0E680002A41F /* Assets.xcassets */ = {isa = PBXFileReference; lastKnownFileType = folder.assetcatalog; path = Assets.xcassets; sourceTree = "<group>"; };
		965C31ED1ECC0E680002A41F /* Base */ = {isa = PBXFileReference; lastKnownFileType = file.storyboard; name = Base; path = Base.lproj/LaunchScreen.storyboard; sourceTree = "<group>"; };
		965C31EF1ECC0E680002A41F /* Info.plist */ = {isa = PBXFileReference; lastKnownFileType = text.plist.xml; path = Info.plist; sourceTree = "<group>"; };
		965C31F41ECC0E680002A41F /* Custom TabbarTests.xctest */ = {isa = PBXFileReference; explicitFileType = wrapper.cfbundle; includeInIndex = 0; path = "Custom TabbarTests.xctest"; sourceTree = BUILT_PRODUCTS_DIR; };
		965C31F81ECC0E680002A41F /* Custom_TabbarTests.swift */ = {isa = PBXFileReference; lastKnownFileType = sourcecode.swift; path = Custom_TabbarTests.swift; sourceTree = "<group>"; };
		965C31FA1ECC0E680002A41F /* Info.plist */ = {isa = PBXFileReference; lastKnownFileType = text.plist.xml; path = Info.plist; sourceTree = "<group>"; };
		965C31FF1ECC0E680002A41F /* Custom TabbarUITests.xctest */ = {isa = PBXFileReference; explicitFileType = wrapper.cfbundle; includeInIndex = 0; path = "Custom TabbarUITests.xctest"; sourceTree = BUILT_PRODUCTS_DIR; };
		965C32031ECC0E680002A41F /* Custom_TabbarUITests.swift */ = {isa = PBXFileReference; lastKnownFileType = sourcecode.swift; path = Custom_TabbarUITests.swift; sourceTree = "<group>"; };
		965C32051ECC0E680002A41F /* Info.plist */ = {isa = PBXFileReference; lastKnownFileType = text.plist.xml; path = Info.plist; sourceTree = "<group>"; };
		965C32111ECC11ED0002A41F /* TabBarViewController.swift */ = {isa = PBXFileReference; fileEncoding = 4; lastKnownFileType = sourcecode.swift; path = TabBarViewController.swift; sourceTree = "<group>"; };
		965C32131ECC16D90002A41F /* CustomTabbarView.swift */ = {isa = PBXFileReference; fileEncoding = 4; lastKnownFileType = sourcecode.swift; path = CustomTabbarView.swift; sourceTree = "<group>"; };
/* End PBXFileReference section */

/* Begin PBXFrameworksBuildPhase section */
		965C31DD1ECC0E680002A41F /* Frameworks */ = {
			isa = PBXFrameworksBuildPhase;
			buildActionMask = 2147483647;
			files = (
			);
			runOnlyForDeploymentPostprocessing = 0;
		};
		965C31F11ECC0E680002A41F /* Frameworks */ = {
			isa = PBXFrameworksBuildPhase;
			buildActionMask = 2147483647;
			files = (
			);
			runOnlyForDeploymentPostprocessing = 0;
		};
		965C31FC1ECC0E680002A41F /* Frameworks */ = {
			isa = PBXFrameworksBuildPhase;
			buildActionMask = 2147483647;
			files = (
			);
			runOnlyForDeploymentPostprocessing = 0;
		};
/* End PBXFrameworksBuildPhase section */

/* Begin PBXGroup section */
		965C31D71ECC0E680002A41F = {
			isa = PBXGroup;
			children = (
				965C31E21ECC0E680002A41F /* Custom Tabbar */,
				965C31F71ECC0E680002A41F /* Custom TabbarTests */,
				965C32021ECC0E680002A41F /* Custom TabbarUITests */,
				965C31E11ECC0E680002A41F /* Products */,
			);
			sourceTree = "<group>";
		};
		965C31E11ECC0E680002A41F /* Products */ = {
			isa = PBXGroup;
			children = (
				965C31E01ECC0E680002A41F /* Custom Tabbar.app */,
				965C31F41ECC0E680002A41F /* Custom TabbarTests.xctest */,
				965C31FF1ECC0E680002A41F /* Custom TabbarUITests.xctest */,
			);
			name = Products;
			sourceTree = "<group>";
		};
		965C31E21ECC0E680002A41F /* Custom Tabbar */ = {
			isa = PBXGroup;
			children = (
				965C32111ECC11ED0002A41F /* TabBarViewController.swift */,
				965C32131ECC16D90002A41F /* CustomTabbarView.swift */,
				965C31E31ECC0E680002A41F /* AppDelegate.swift */,
				965C31E51ECC0E680002A41F /* ViewController.swift */,
				965C31E71ECC0E680002A41F /* Main.storyboard */,
				965C31EA1ECC0E680002A41F /* Assets.xcassets */,
				965C31EC1ECC0E680002A41F /* LaunchScreen.storyboard */,
				965C31EF1ECC0E680002A41F /* Info.plist */,
			);
			path = "Custom Tabbar";
			sourceTree = "<group>";
		};
		965C31F71ECC0E680002A41F /* Custom TabbarTests */ = {
			isa = PBXGroup;
			children = (
				965C31F81ECC0E680002A41F /* Custom_TabbarTests.swift */,
				965C31FA1ECC0E680002A41F /* Info.plist */,
			);
			path = "Custom TabbarTests";
			sourceTree = "<group>";
		};
		965C32021ECC0E680002A41F /* Custom TabbarUITests */ = {
			isa = PBXGroup;
			children = (
				965C32031ECC0E680002A41F /* Custom_TabbarUITests.swift */,
				965C32051ECC0E680002A41F /* Info.plist */,
			);
			path = "Custom TabbarUITests";
			sourceTree = "<group>";
		};
/* End PBXGroup section */

/* Begin PBXNativeTarget section */
		965C31DF1ECC0E680002A41F /* Custom Tabbar */ = {
			isa = PBXNativeTarget;
			buildConfigurationList = 965C32081ECC0E680002A41F /* Build configuration list for PBXNativeTarget "Custom Tabbar" */;
			buildPhases = (
				965C31DC1ECC0E680002A41F /* Sources */,
				965C31DD1ECC0E680002A41F /* Frameworks */,
				965C31DE1ECC0E680002A41F /* Resources */,
			);
			buildRules = (
			);
			dependencies = (
			);
			name = "Custom Tabbar";
			productName = "Custom Tabbar";
			productReference = 965C31E01ECC0E680002A41F /* Custom Tabbar.app */;
			productType = "com.apple.product-type.application";
		};
		965C31F31ECC0E680002A41F /* Custom TabbarTests */ = {
			isa = PBXNativeTarget;
			buildConfigurationList = 965C320B1ECC0E680002A41F /* Build configuration list for PBXNativeTarget "Custom TabbarTests" */;
			buildPhases = (
				965C31F01ECC0E680002A41F /* Sources */,
				965C31F11ECC0E680002A41F /* Frameworks */,
				965C31F21ECC0E680002A41F /* Resources */,
			);
			buildRules = (
			);
			dependencies = (
				965C31F61ECC0E680002A41F /* PBXTargetDependency */,
			);
			name = "Custom TabbarTests";
			productName = "Custom TabbarTests";
			productReference = 965C31F41ECC0E680002A41F /* Custom TabbarTests.xctest */;
			productType = "com.apple.product-type.bundle.unit-test";
		};
		965C31FE1ECC0E680002A41F /* Custom TabbarUITests */ = {
			isa = PBXNativeTarget;
			buildConfigurationList = 965C320E1ECC0E680002A41F /* Build configuration list for PBXNativeTarget "Custom TabbarUITests" */;
			buildPhases = (
				965C31FB1ECC0E680002A41F /* Sources */,
				965C31FC1ECC0E680002A41F /* Frameworks */,
				965C31FD1ECC0E680002A41F /* Resources */,
			);
			buildRules = (
			);
			dependencies = (
				965C32011ECC0E680002A41F /* PBXTargetDependency */,
			);
			name = "Custom TabbarUITests";
			productName = "Custom TabbarUITests";
			productReference = 965C31FF1ECC0E680002A41F /* Custom TabbarUITests.xctest */;
			productType = "com.apple.product-type.bundle.ui-testing";
		};
/* End PBXNativeTarget section */

/* Begin PBXProject section */
		965C31D81ECC0E680002A41F /* Project object */ = {
			isa = PBXProject;
			attributes = {
				LastSwiftUpdateCheck = 0830;
				LastUpgradeCheck = 0830;
				ORGANIZATIONNAME = "Steve JobsOne";
				TargetAttributes = {
					965C31DF1ECC0E680002A41F = {
						CreatedOnToolsVersion = 8.3.2;
						DevelopmentTeam = 429CSS9779;
						ProvisioningStyle = Automatic;
					};
					965C31F31ECC0E680002A41F = {
						CreatedOnToolsVersion = 8.3.2;
						DevelopmentTeam = 429CSS9779;
						ProvisioningStyle = Automatic;
						TestTargetID = 965C31DF1ECC0E680002A41F;
					};
					965C31FE1ECC0E680002A41F = {
						CreatedOnToolsVersion = 8.3.2;
						DevelopmentTeam = 429CSS9779;
						ProvisioningStyle = Automatic;
						TestTargetID = 965C31DF1ECC0E680002A41F;
					};
				};
			};
			buildConfigurationList = 965C31DB1ECC0E680002A41F /* Build configuration list for PBXProject "Custom Tabbar" */;
			compatibilityVersion = "Xcode 3.2";
			developmentRegion = English;
			hasScannedForEncodings = 0;
			knownRegions = (
				en,
				Base,
			);
			mainGroup = 965C31D71ECC0E680002A41F;
			productRefGroup = 965C31E11ECC0E680002A41F /* Products */;
			projectDirPath = "";
			projectRoot = "";
			targets = (
				965C31DF1ECC0E680002A41F /* Custom Tabbar */,
				965C31F31ECC0E680002A41F /* Custom TabbarTests */,
				965C31FE1ECC0E680002A41F /* Custom TabbarUITests */,
			);
		};
/* End PBXProject section */

/* Begin PBXResourcesBuildPhase section */
		965C31DE1ECC0E680002A41F /* Resources */ = {
			isa = PBXResourcesBuildPhase;
			buildActionMask = 2147483647;
			files = (
				965C31EE1ECC0E680002A41F /* LaunchScreen.storyboard in Resources */,
				965C31EB1ECC0E680002A41F /* Assets.xcassets in Resources */,
				965C31E91ECC0E680002A41F /* Main.storyboard in Resources */,
			);
			runOnlyForDeploymentPostprocessing = 0;
		};
		965C31F21ECC0E680002A41F /* Resources */ = {
			isa = PBXResourcesBuildPhase;
			buildActionMask = 2147483647;
			files = (
			);
			runOnlyForDeploymentPostprocessing = 0;
		};
		965C31FD1ECC0E680002A41F /* Resources */ = {
			isa = PBXResourcesBuildPhase;
			buildActionMask = 2147483647;
			files = (
			);
			runOnlyForDeploymentPostprocessing = 0;
		};
/* End PBXResourcesBuildPhase section */

/* Begin PBXSourcesBuildPhase section */
		965C31DC1ECC0E680002A41F /* Sources */ = {
			isa = PBXSourcesBuildPhase;
			buildActionMask = 2147483647;
			files = (
				965C31E61ECC0E680002A41F /* ViewController.swift in Sources */,
				965C32121ECC11ED0002A41F /* TabBarViewController.swift in Sources */,
				965C31E41ECC0E680002A41F /* AppDelegate.swift in Sources */,
				965C32141ECC16D90002A41F /* CustomTabbarView.swift in Sources */,
			);
			runOnlyForDeploymentPostprocessing = 0;
		};
		965C31F01ECC0E680002A41F /* Sources */ = {
			isa = PBXSourcesBuildPhase;
			buildActionMask = 2147483647;
			files = (
				965C31F91ECC0E680002A41F /* Custom_TabbarTests.swift in Sources */,
			);
			runOnlyForDeploymentPostprocessing = 0;
		};
		965C31FB1ECC0E680002A41F /* Sources */ = {
			isa = PBXSourcesBuildPhase;
			buildActionMask = 2147483647;
			files = (
				965C32041ECC0E680002A41F /* Custom_TabbarUITests.swift in Sources */,
			);
			runOnlyForDeploymentPostprocessing = 0;
		};
/* End PBXSourcesBuildPhase section */

/* Begin PBXTargetDependency section */
		965C31F61ECC0E680002A41F /* PBXTargetDependency */ = {
			isa = PBXTargetDependency;
			target = 965C31DF1ECC0E680002A41F /* Custom Tabbar */;
			targetProxy = 965C31F51ECC0E680002A41F /* PBXContainerItemProxy */;
		};
		965C32011ECC0E680002A41F /* PBXTargetDependency */ = {
			isa = PBXTargetDependency;
			target = 965C31DF1ECC0E680002A41F /* Custom Tabbar */;
			targetProxy = 965C32001ECC0E680002A41F /* PBXContainerItemProxy */;
		};
/* End PBXTargetDependency section */

/* Begin PBXVariantGroup section */
		965C31E71ECC0E680002A41F /* Main.storyboard */ = {
			isa = PBXVariantGroup;
			children = (
				965C31E81ECC0E680002A41F /* Base */,
			);
			name = Main.storyboard;
			sourceTree = "<group>";
		};
		965C31EC1ECC0E680002A41F /* LaunchScreen.storyboard */ = {
			isa = PBXVariantGroup;
			children = (
				965C31ED1ECC0E680002A41F /* Base */,
			);
			name = LaunchScreen.storyboard;
			sourceTree = "<group>";
		};
/* End PBXVariantGroup section */

/* Begin XCBuildConfiguration section */
		965C32061ECC0E680002A41F /* Debug */ = {
			isa = XCBuildConfiguration;
			buildSettings = {
				ALWAYS_SEARCH_USER_PATHS = NO;
				CLANG_ANALYZER_NONNULL = YES;
				CLANG_ANALYZER_NUMBER_OBJECT_CONVERSION = YES_AGGRESSIVE;
				CLANG_CXX_LANGUAGE_STANDARD = "gnu++0x";
				CLANG_CXX_LIBRARY = "libc++";
				CLANG_ENABLE_MODULES = YES;
				CLANG_ENABLE_OBJC_ARC = YES;
				CLANG_WARN_BOOL_CONVERSION = YES;
				CLANG_WARN_CONSTANT_CONVERSION = YES;
				CLANG_WARN_DIRECT_OBJC_ISA_USAGE = YES_ERROR;
				CLANG_WARN_DOCUMENTATION_COMMENTS = YES;
				CLANG_WARN_EMPTY_BODY = YES;
				CLANG_WARN_ENUM_CONVERSION = YES;
				CLANG_WARN_INFINITE_RECURSION = YES;
				CLANG_WARN_INT_CONVERSION = YES;
				CLANG_WARN_OBJC_ROOT_CLASS = YES_ERROR;
				CLANG_WARN_SUSPICIOUS_MOVE = YES;
				CLANG_WARN_UNREACHABLE_CODE = YES;
				CLANG_WARN__DUPLICATE_METHOD_MATCH = YES;
				"CODE_SIGN_IDENTITY[sdk=iphoneos*]" = "iPhone Developer";
				COPY_PHASE_STRIP = NO;
				DEBUG_INFORMATION_FORMAT = dwarf;
				ENABLE_STRICT_OBJC_MSGSEND = YES;
				ENABLE_TESTABILITY = YES;
				GCC_C_LANGUAGE_STANDARD = gnu99;
				GCC_DYNAMIC_NO_PIC = NO;
				GCC_NO_COMMON_BLOCKS = YES;
				GCC_OPTIMIZATION_LEVEL = 0;
				GCC_PREPROCESSOR_DEFINITIONS = (
					"DEBUG=1",
					"$(inherited)",
				);
				GCC_WARN_64_TO_32_BIT_CONVERSION = YES;
				GCC_WARN_ABOUT_RETURN_TYPE = YES_ERROR;
				GCC_WARN_UNDECLARED_SELECTOR = YES;
				GCC_WARN_UNINITIALIZED_AUTOS = YES_AGGRESSIVE;
				GCC_WARN_UNUSED_FUNCTION = YES;
				GCC_WARN_UNUSED_VARIABLE = YES;
				IPHONEOS_DEPLOYMENT_TARGET = 10.3;
				MTL_ENABLE_DEBUG_INFO = YES;
				ONLY_ACTIVE_ARCH = YES;
				SDKROOT = iphoneos;
				SWIFT_ACTIVE_COMPILATION_CONDITIONS = DEBUG;
				SWIFT_OPTIMIZATION_LEVEL = "-Onone";
				TARGETED_DEVICE_FAMILY = "1,2";
			};
			name = Debug;
		};
		965C32071ECC0E680002A41F /* Release */ = {
			isa = XCBuildConfiguration;
			buildSettings = {
				ALWAYS_SEARCH_USER_PATHS = NO;
				CLANG_ANALYZER_NONNULL = YES;
				CLANG_ANALYZER_NUMBER_OBJECT_CONVERSION = YES_AGGRESSIVE;
				CLANG_CXX_LANGUAGE_STANDARD = "gnu++0x";
				CLANG_CXX_LIBRARY = "libc++";
				CLANG_ENABLE_MODULES = YES;
				CLANG_ENABLE_OBJC_ARC = YES;
				CLANG_WARN_BOOL_CONVERSION = YES;
				CLANG_WARN_CONSTANT_CONVERSION = YES;
				CLANG_WARN_DIRECT_OBJC_ISA_USAGE = YES_ERROR;
				CLANG_WARN_DOCUMENTATION_COMMENTS = YES;
				CLANG_WARN_EMPTY_BODY = YES;
				CLANG_WARN_ENUM_CONVERSION = YES;
				CLANG_WARN_INFINITE_RECURSION = YES;
				CLANG_WARN_INT_CONVERSION = YES;
				CLANG_WARN_OBJC_ROOT_CLASS = YES_ERROR;
				CLANG_WARN_SUSPICIOUS_MOVE = YES;
				CLANG_WARN_UNREACHABLE_CODE = YES;
				CLANG_WARN__DUPLICATE_METHOD_MATCH = YES;
				"CODE_SIGN_IDENTITY[sdk=iphoneos*]" = "iPhone Developer";
				COPY_PHASE_STRIP = NO;
				DEBUG_INFORMATION_FORMAT = "dwarf-with-dsym";
				ENABLE_NS_ASSERTIONS = NO;
				ENABLE_STRICT_OBJC_MSGSEND = YES;
				GCC_C_LANGUAGE_STANDARD = gnu99;
				GCC_NO_COMMON_BLOCKS = YES;
				GCC_WARN_64_TO_32_BIT_CONVERSION = YES;
				GCC_WARN_ABOUT_RETURN_TYPE = YES_ERROR;
				GCC_WARN_UNDECLARED_SELECTOR = YES;
				GCC_WARN_UNINITIALIZED_AUTOS = YES_AGGRESSIVE;
				GCC_WARN_UNUSED_FUNCTION = YES;
				GCC_WARN_UNUSED_VARIABLE = YES;
				IPHONEOS_DEPLOYMENT_TARGET = 10.3;
				MTL_ENABLE_DEBUG_INFO = NO;
				SDKROOT = iphoneos;
				SWIFT_OPTIMIZATION_LEVEL = "-Owholemodule";
				TARGETED_DEVICE_FAMILY = "1,2";
				VALIDATE_PRODUCT = YES;
			};
			name = Release;
		};
		965C32091ECC0E680002A41F /* Debug */ = {
			isa = XCBuildConfiguration;
			buildSettings = {
				ASSETCATALOG_COMPILER_APPICON_NAME = AppIcon;
				DEVELOPMENT_TEAM = 429CSS9779;
				INFOPLIST_FILE = "Custom Tabbar/Info.plist";
				LD_RUNPATH_SEARCH_PATHS = "$(inherited) @executable_path/Frameworks";
				PRODUCT_BUNDLE_IDENTIFIER = "mobioapp.Custom-Tabbar";
				PRODUCT_NAME = "$(TARGET_NAME)";
				SWIFT_VERSION = 3.0;
				TARGETED_DEVICE_FAMILY = "1,2";
			};
			name = Debug;
		};
		965C320A1ECC0E680002A41F /* Release */ = {
			isa = XCBuildConfiguration;
			buildSettings = {
				ASSETCATALOG_COMPILER_APPICON_NAME = AppIcon;
				DEVELOPMENT_TEAM = 429CSS9779;
				INFOPLIST_FILE = "Custom Tabbar/Info.plist";
				LD_RUNPATH_SEARCH_PATHS = "$(inherited) @executable_path/Frameworks";
				PRODUCT_BUNDLE_IDENTIFIER = "mobioapp.Custom-Tabbar";
				PRODUCT_NAME = "$(TARGET_NAME)";
				SWIFT_VERSION = 3.0;
				TARGETED_DEVICE_FAMILY = "1,2";
			};
			name = Release;
		};
		965C320C1ECC0E680002A41F /* Debug */ = {
			isa = XCBuildConfiguration;
			buildSettings = {
				ALWAYS_EMBED_SWIFT_STANDARD_LIBRARIES = YES;
				BUNDLE_LOADER = "$(TEST_HOST)";
				DEVELOPMENT_TEAM = 429CSS9779;
				INFOPLIST_FILE = "Custom TabbarTests/Info.plist";
				LD_RUNPATH_SEARCH_PATHS = "$(inherited) @executable_path/Frameworks @loader_path/Frameworks";
				PRODUCT_BUNDLE_IDENTIFIER = "mobioapp.Custom-TabbarTests";
				PRODUCT_NAME = "$(TARGET_NAME)";
				SWIFT_VERSION = 3.0;
				TEST_HOST = "$(BUILT_PRODUCTS_DIR)/Custom Tabbar.app/Custom Tabbar";
			};
			name = Debug;
		};
		965C320D1ECC0E680002A41F /* Release */ = {
			isa = XCBuildConfiguration;
			buildSettings = {
				ALWAYS_EMBED_SWIFT_STANDARD_LIBRARIES = YES;
				BUNDLE_LOADER = "$(TEST_HOST)";
				DEVELOPMENT_TEAM = 429CSS9779;
				INFOPLIST_FILE = "Custom TabbarTests/Info.plist";
				LD_RUNPATH_SEARCH_PATHS = "$(inherited) @executable_path/Frameworks @loader_path/Frameworks";
				PRODUCT_BUNDLE_IDENTIFIER = "mobioapp.Custom-TabbarTests";
				PRODUCT_NAME = "$(TARGET_NAME)";
				SWIFT_VERSION = 3.0;
				TEST_HOST = "$(BUILT_PRODUCTS_DIR)/Custom Tabbar.app/Custom Tabbar";
			};
			name = Release;
		};
		965C320F1ECC0E680002A41F /* Debug */ = {
			isa = XCBuildConfiguration;
			buildSettings = {
				ALWAYS_EMBED_SWIFT_STANDARD_LIBRARIES = YES;
				DEVELOPMENT_TEAM = 429CSS9779;
				INFOPLIST_FILE = "Custom TabbarUITests/Info.plist";
				LD_RUNPATH_SEARCH_PATHS = "$(inherited) @executable_path/Frameworks @loader_path/Frameworks";
				PRODUCT_BUNDLE_IDENTIFIER = "mobioapp.Custom-TabbarUITests";
				PRODUCT_NAME = "$(TARGET_NAME)";
				SWIFT_VERSION = 3.0;
				TEST_TARGET_NAME = "Custom Tabbar";
			};
			name = Debug;
		};
		965C32101ECC0E680002A41F /* Release */ = {
			isa = XCBuildConfiguration;
			buildSettings = {
				ALWAYS_EMBED_SWIFT_STANDARD_LIBRARIES = YES;
				DEVELOPMENT_TEAM = 429CSS9779;
				INFOPLIST_FILE = "Custom TabbarUITests/Info.plist";
				LD_RUNPATH_SEARCH_PATHS = "$(inherited) @executable_path/Frameworks @loader_path/Frameworks";
				PRODUCT_BUNDLE_IDENTIFIER = "mobioapp.Custom-TabbarUITests";
				PRODUCT_NAME = "$(TARGET_NAME)";
				SWIFT_VERSION = 3.0;
				TEST_TARGET_NAME = "Custom Tabbar";
			};
			name = Release;
		};
/* End XCBuildConfiguration section */

/* Begin XCConfigurationList section */
		965C31DB1ECC0E680002A41F /* Build configuration list for PBXProject "Custom Tabbar" */ = {
			isa = XCConfigurationList;
			buildConfigurations = (
				965C32061ECC0E680002A41F /* Debug */,
				965C32071ECC0E680002A41F /* Release */,
			);
			defaultConfigurationIsVisible = 0;
			defaultConfigurationName = Release;
		};
		965C32081ECC0E680002A41F /* Build configuration list for PBXNativeTarget "Custom Tabbar" */ = {
			isa = XCConfigurationList;
			buildConfigurations = (
				965C32091ECC0E680002A41F /* Debug */,
				965C320A1ECC0E680002A41F /* Release */,
			);
			defaultConfigurationIsVisible = 0;
			defaultConfigurationName = Release;
		};
		965C320B1ECC0E680002A41F /* Build configuration list for PBXNativeTarget "Custom TabbarTests" */ = {
			isa = XCConfigurationList;
			buildConfigurations = (
				965C320C1ECC0E680002A41F /* Debug */,
				965C320D1ECC0E680002A41F /* Release */,
			);
			defaultConfigurationIsVisible = 0;
			defaultConfigurationName = Release;
		};
		965C320E1ECC0E680002A41F /* Build configuration list for PBXNativeTarget "Custom TabbarUITests" */ = {
			isa = XCConfigurationList;
			buildConfigurations = (
				965C320F1ECC0E680002A41F /* Debug */,
				965C32101ECC0E680002A41F /* Release */,
			);
			defaultConfigurationIsVisible = 0;
			defaultConfigurationName = Release;
		};
/* End XCConfigurationList section */
	};
	rootObject = 965C31D81ECC0E680002A41F /* Project object */;
}
